
Microsoft Visual Studio Solution File, Format Version 12.00
# Visual Studio Version 17
VisualStudioVersion = 17.11.35327.3
MinimumVisualStudioVersion = 10.0.40219.1
Project("{FAE04EC0-301F-11D3-BF4B-00C04F79EFBC}") = "B-Cinema", "B-Cinema\B-Cinema.csproj", "{63DB2E85-BE76-4D23-A71F-7122327AD5B3}"
EndProject
Global
	GlobalSection(SolutionConfigurationPlatforms) = preSolution
		Debug|Any CPU = Debug|Any CPU
		Release|Any CPU = Release|Any CPU
	EndGlobalSection
	GlobalSection(ProjectConfigurationPlatforms) = postSolution
		{63DB2E85-BE76-4D23-A71F-7122327AD5B3}.Debug|Any CPU.ActiveCfg = Debug|Any CPU
		{63DB2E85-BE76-4D23-A71F-7122327AD5B3}.Debug|Any CPU.Build.0 = Debug|Any CPU
		{63DB2E85-BE76-4D23-A71F-7122327AD5B3}.Release|Any CPU.ActiveCfg = Release|Any CPU
		{63DB2E85-BE76-4D23-A71F-7122327AD5B3}.Release|Any CPU.Build.0 = Release|Any CPU
	EndGlobalSection
	GlobalSection(SolutionProperties) = preSolution
		HideSolutionNode = FALSE
	EndGlobalSection
	GlobalSection(ExtensibilityGlobals) = postSolution
		SolutionGuid = {FBEA123E-BD8B-4DA8-8F4D-7E1A2B929FE3}
	EndGlobalSection
EndGlobal
